
Microsoft Visual Studio Solution File, Format Version 12.00
# Visual Studio Version 17
VisualStudioVersion = 17.8.34511.84
MinimumVisualStudioVersion = 10.0.40219.1
Project("{9A19103F-16F7-4668-BE54-9A1E7A4F7556}") = "ParkingApi", "ParkingApi\ParkingApi.csproj", "{82CBA774-57EC-4103-9CF0-1FE027390CE0}"
EndProject
Project("{9A19103F-16F7-4668-BE54-9A1E7A4F7556}") = "Application", "Application\Application.csproj", "{1631B46F-9CDC-44F3-85F3-C65E19183AF3}"
EndProject
Project("{9A19103F-16F7-4668-BE54-9A1E7A4F7556}") = "Domain", "Domain\Domain.csproj", "{9E3F8046-65E5-4791-A7E3-3E07EBAB5D27}"
EndProject
Global
	GlobalSection(SolutionConfigurationPlatforms) = preSolution
		Debug|Any CPU = Debug|Any CPU
		Release|Any CPU = Release|Any CPU
	EndGlobalSection
	GlobalSection(ProjectConfigurationPlatforms) = postSolution
		{82CBA774-57EC-4103-9CF0-1FE027390CE0}.Debug|Any CPU.ActiveCfg = Debug|Any CPU
		{82CBA774-57EC-4103-9CF0-1FE027390CE0}.Debug|Any CPU.Build.0 = Debug|Any CPU
		{82CBA774-57EC-4103-9CF0-1FE027390CE0}.Release|Any CPU.ActiveCfg = Release|Any CPU
		{82CBA774-57EC-4103-9CF0-1FE027390CE0}.Release|Any CPU.Build.0 = Release|Any CPU
		{1631B46F-9CDC-44F3-85F3-C65E19183AF3}.Debug|Any CPU.ActiveCfg = Debug|Any CPU
		{1631B46F-9CDC-44F3-85F3-C65E19183AF3}.Debug|Any CPU.Build.0 = Debug|Any CPU
		{1631B46F-9CDC-44F3-85F3-C65E19183AF3}.Release|Any CPU.ActiveCfg = Release|Any CPU
		{1631B46F-9CDC-44F3-85F3-C65E19183AF3}.Release|Any CPU.Build.0 = Release|Any CPU
		{9E3F8046-65E5-4791-A7E3-3E07EBAB5D27}.Debug|Any CPU.ActiveCfg = Debug|Any CPU
		{9E3F8046-65E5-4791-A7E3-3E07EBAB5D27}.Debug|Any CPU.Build.0 = Debug|Any CPU
		{9E3F8046-65E5-4791-A7E3-3E07EBAB5D27}.Release|Any CPU.ActiveCfg = Release|Any CPU
		{9E3F8046-65E5-4791-A7E3-3E07EBAB5D27}.Release|Any CPU.Build.0 = Release|Any CPU
	EndGlobalSection
	GlobalSection(SolutionProperties) = preSolution
		HideSolutionNode = FALSE
	EndGlobalSection
	GlobalSection(ExtensibilityGlobals) = postSolution
		SolutionGuid = {81B6242C-5BF5-4631-A9E5-284BC136A537}
	EndGlobalSection
EndGlobal
